
Microsoft Visual Studio Solution File, Format Version 12.00
# Visual Studio Version 17
VisualStudioVersion = 17.5.002.0
MinimumVisualStudioVersion = 10.0.40219.1
Project("{9A19103F-16F7-4668-BE54-9A1E7A4F7556}") = "Homework_11_CustomTable", "Homework_11_CustomTable.csproj", "{CC4773D1-0289-4A7B-8934-6FCB5185F190}"
EndProject
Global
	GlobalSection(SolutionConfigurationPlatforms) = preSolution
		Debug|Any CPU = Debug|Any CPU
		Release|Any CPU = Release|Any CPU
	EndGlobalSection
	GlobalSection(ProjectConfigurationPlatforms) = postSolution
		{CC4773D1-0289-4A7B-8934-6FCB5185F190}.Debug|Any CPU.ActiveCfg = Debug|Any CPU
		{CC4773D1-0289-4A7B-8934-6FCB5185F190}.Debug|Any CPU.Build.0 = Debug|Any CPU
		{CC4773D1-0289-4A7B-8934-6FCB5185F190}.Release|Any CPU.ActiveCfg = Release|Any CPU
		{CC4773D1-0289-4A7B-8934-6FCB5185F190}.Release|Any CPU.Build.0 = Release|Any CPU
	EndGlobalSection
	GlobalSection(SolutionProperties) = preSolution
		HideSolutionNode = FALSE
	EndGlobalSection
	GlobalSection(ExtensibilityGlobals) = postSolution
		SolutionGuid = {108B99FD-4203-4BE1-B305-C1F614FE79CB}
	EndGlobalSection
EndGlobal
