
Microsoft Visual Studio Solution File, Format Version 12.00
# Visual Studio Version 17
VisualStudioVersion = 17.5.002.0
MinimumVisualStudioVersion = 10.0.40219.1
Project("{9A19103F-16F7-4668-BE54-9A1E7A4F7556}") = "Homework_9_Custom", "Homework_9_Custom.csproj", "{EBECC8B5-6FF4-45A2-A3F4-CB64AF9F4B67}"
EndProject
Global
	GlobalSection(SolutionConfigurationPlatforms) = preSolution
		Debug|Any CPU = Debug|Any CPU
		Release|Any CPU = Release|Any CPU
	EndGlobalSection
	GlobalSection(ProjectConfigurationPlatforms) = postSolution
		{EBECC8B5-6FF4-45A2-A3F4-CB64AF9F4B67}.Debug|Any CPU.ActiveCfg = Debug|Any CPU
		{EBECC8B5-6FF4-45A2-A3F4-CB64AF9F4B67}.Debug|Any CPU.Build.0 = Debug|Any CPU
		{EBECC8B5-6FF4-45A2-A3F4-CB64AF9F4B67}.Release|Any CPU.ActiveCfg = Release|Any CPU
		{EBECC8B5-6FF4-45A2-A3F4-CB64AF9F4B67}.Release|Any CPU.Build.0 = Release|Any CPU
	EndGlobalSection
	GlobalSection(SolutionProperties) = preSolution
		HideSolutionNode = FALSE
	EndGlobalSection
	GlobalSection(ExtensibilityGlobals) = postSolution
		SolutionGuid = {FA01D9DE-D36D-480B-B299-1DEBEB9E7E1F}
	EndGlobalSection
EndGlobal
